
Microsoft Visual Studio Solution File, Format Version 12.00
# Visual Studio Version 17
VisualStudioVersion = 17.5.33516.290
MinimumVisualStudioVersion = 10.0.40219.1
Project("{FAE04EC0-301F-11D3-BF4B-00C04F79EFBC}") = "AppsInstall", "AppsInstall\AppsInstall.csproj", "{0A16F316-8FAF-4A06-BA95-469AB1E50EBA}"
EndProject
Global
	GlobalSection(SolutionConfigurationPlatforms) = preSolution
		Debug|Any CPU = Debug|Any CPU
		Release|Any CPU = Release|Any CPU
	EndGlobalSection
	GlobalSection(ProjectConfigurationPlatforms) = postSolution
		{0A16F316-8FAF-4A06-BA95-469AB1E50EBA}.Debug|Any CPU.ActiveCfg = Debug|Any CPU
		{0A16F316-8FAF-4A06-BA95-469AB1E50EBA}.Debug|Any CPU.Build.0 = Debug|Any CPU
		{0A16F316-8FAF-4A06-BA95-469AB1E50EBA}.Release|Any CPU.ActiveCfg = Release|Any CPU
		{0A16F316-8FAF-4A06-BA95-469AB1E50EBA}.Release|Any CPU.Build.0 = Release|Any CPU
	EndGlobalSection
	GlobalSection(SolutionProperties) = preSolution
		HideSolutionNode = FALSE
	EndGlobalSection
	GlobalSection(ExtensibilityGlobals) = postSolution
		SolutionGuid = {5445FD22-6446-4270-B947-D9C06A708EA5}
	EndGlobalSection
EndGlobal
